
Microsoft Visual Studio Solution File, Format Version 12.00
# Visual Studio Version 17
VisualStudioVersion = 17.0.31912.275
MinimumVisualStudioVersion = 10.0.40219.1
Project("{FAE04EC0-301F-11D3-BF4B-00C04F79EFBC}") = "KursApp", "KursApp\KursApp.csproj", "{0D5C7542-843D-498B-BBB8-2620D1A616B8}"
EndProject
Global
	GlobalSection(SolutionConfigurationPlatforms) = preSolution
		Debug|Any CPU = Debug|Any CPU
		Release|Any CPU = Release|Any CPU
	EndGlobalSection
	GlobalSection(ProjectConfigurationPlatforms) = postSolution
		{0D5C7542-843D-498B-BBB8-2620D1A616B8}.Debug|Any CPU.ActiveCfg = Debug|Any CPU
		{0D5C7542-843D-498B-BBB8-2620D1A616B8}.Debug|Any CPU.Build.0 = Debug|Any CPU
		{0D5C7542-843D-498B-BBB8-2620D1A616B8}.Release|Any CPU.ActiveCfg = Release|Any CPU
		{0D5C7542-843D-498B-BBB8-2620D1A616B8}.Release|Any CPU.Build.0 = Release|Any CPU
	EndGlobalSection
	GlobalSection(SolutionProperties) = preSolution
		HideSolutionNode = FALSE
	EndGlobalSection
	GlobalSection(ExtensibilityGlobals) = postSolution
		SolutionGuid = {A5946774-712D-426E-909C-01CE3E2DEEDF}
	EndGlobalSection
EndGlobal
